
Microsoft Visual Studio Solution File, Format Version 12.00
# Visual Studio Version 16
VisualStudioVersion = 16.0.32002.261
MinimumVisualStudioVersion = 10.0.40219.1
Project("{FAE04EC0-301F-11D3-BF4B-00C04F79EFBC}") = "CustomAuthorizationInMVC", "CustomAuthorizationInMVC\CustomAuthorizationInMVC.csproj", "{FCC82EFA-0A7A-4C12-A32E-ED962B6CCDD2}"
EndProject
Global
	GlobalSection(SolutionConfigurationPlatforms) = preSolution
		Debug|Any CPU = Debug|Any CPU
		Release|Any CPU = Release|Any CPU
	EndGlobalSection
	GlobalSection(ProjectConfigurationPlatforms) = postSolution
		{FCC82EFA-0A7A-4C12-A32E-ED962B6CCDD2}.Debug|Any CPU.ActiveCfg = Debug|Any CPU
		{FCC82EFA-0A7A-4C12-A32E-ED962B6CCDD2}.Debug|Any CPU.Build.0 = Debug|Any CPU
		{FCC82EFA-0A7A-4C12-A32E-ED962B6CCDD2}.Release|Any CPU.ActiveCfg = Release|Any CPU
		{FCC82EFA-0A7A-4C12-A32E-ED962B6CCDD2}.Release|Any CPU.Build.0 = Release|Any CPU
	EndGlobalSection
	GlobalSection(SolutionProperties) = preSolution
		HideSolutionNode = FALSE
	EndGlobalSection
	GlobalSection(ExtensibilityGlobals) = postSolution
		SolutionGuid = {DC4DF3EE-1018-42D3-9460-084212C335FD}
	EndGlobalSection
EndGlobal
